// !$*UTF8*$!
{
	archiveVersion = 1;
	classes = {
	};
	objectVersion = 50;
	objects = {

/* Begin PBXBuildFile section */
		822C4A0325DE5C8D00D2F899 /* AppDelegate.m in Sources */ = {isa = PBXBuildFile; fileRef = 822C4A0225DE5C8D00D2F899 /* AppDelegate.m */; };
		822C4A0625DE5C8D00D2F899 /* SceneDelegate.m in Sources */ = {isa = PBXBuildFile; fileRef = 822C4A0525DE5C8D00D2F899 /* SceneDelegate.m */; };
		822C4A0925DE5C8D00D2F899 /* ViewController.m in Sources */ = {isa = PBXBuildFile; fileRef = 822C4A0825DE5C8D00D2F899 /* ViewController.m */; };
		822C4A0C25DE5C8D00D2F899 /* Main.storyboard in Resources */ = {isa = PBXBuildFile; fileRef = 822C4A0A25DE5C8D00D2F899 /* Main.storyboard */; };
		822C4A0E25DE5C9000D2F899 /* Assets.xcassets in Resources */ = {isa = PBXBuildFile; fileRef = 822C4A0D25DE5C9000D2F899 /* Assets.xcassets */; };
		822C4A1125DE5C9000D2F899 /* LaunchScreen.storyboard in Resources */ = {isa = PBXBuildFile; fileRef = 822C4A0F25DE5C9000D2F899 /* LaunchScreen.storyboard */; };
		822C4A1425DE5C9000D2F899 /* main.m in Sources */ = {isa = PBXBuildFile; fileRef = 822C4A1325DE5C9000D2F899 /* main.m */; };
/* End PBXBuildFile section */

/* Begin PBXFileReference section */
		822C49FE25DE5C8D00D2F899 /* PaperTest.app */ = {isa = PBXFileReference; explicitFileType = wrapper.application; includeInIndex = 0; path = PaperTest.app; sourceTree = BUILT_PRODUCTS_DIR; };
		822C4A0125DE5C8D00D2F899 /* AppDelegate.h */ = {isa = PBXFileReference; lastKnownFileType = sourcecode.c.h; path = AppDelegate.h; sourceTree = "<group>"; };
		822C4A0225DE5C8D00D2F899 /* AppDelegate.m */ = {isa = PBXFileReference; lastKnownFileType = sourcecode.c.objc; path = AppDelegate.m; sourceTree = "<group>"; };
		822C4A0425DE5C8D00D2F899 /* SceneDelegate.h */ = {isa = PBXFileReference; lastKnownFileType = sourcecode.c.h; path = SceneDelegate.h; sourceTree = "<group>"; };
		822C4A0525DE5C8D00D2F899 /* SceneDelegate.m */ = {isa = PBXFileReference; lastKnownFileType = sourcecode.c.objc; path = SceneDelegate.m; sourceTree = "<group>"; };
		822C4A0725DE5C8D00D2F899 /* ViewController.h */ = {isa = PBXFileReference; lastKnownFileType = sourcecode.c.h; path = ViewController.h; sourceTree = "<group>"; };
		822C4A0825DE5C8D00D2F899 /* ViewController.m */ = {isa = PBXFileReference; lastKnownFileType = sourcecode.c.objc; path = ViewController.m; sourceTree = "<group>"; };
		822C4A0B25DE5C8D00D2F899 /* Base */ = {isa = PBXFileReference; lastKnownFileType = file.storyboard; name = Base; path = Base.lproj/Main.storyboard; sourceTree = "<group>"; };
		822C4A0D25DE5C9000D2F899 /* Assets.xcassets */ = {isa = PBXFileReference; lastKnownFileType = folder.assetcatalog; path = Assets.xcassets; sourceTree = "<group>"; };
		822C4A1025DE5C9000D2F899 /* Base */ = {isa = PBXFileReference; lastKnownFileType = file.storyboard; name = Base; path = Base.lproj/LaunchScreen.storyboard; sourceTree = "<group>"; };
		822C4A1225DE5C9000D2F899 /* Info.plist */ = {isa = PBXFileReference; lastKnownFileType = text.plist.xml; path = Info.plist; sourceTree = "<group>"; };
		822C4A1325DE5C9000D2F899 /* main.m */ = {isa = PBXFileReference; lastKnownFileType = sourcecode.c.objc; path = main.m; sourceTree = "<group>"; };
/* End PBXFileReference section */

/* Begin PBXFrameworksBuildPhase section */
		822C49FB25DE5C8D00D2F899 /* Frameworks */ = {
			isa = PBXFrameworksBuildPhase;
			buildActionMask = 2147483647;
			files = (
			);
			runOnlyForDeploymentPostprocessing = 0;
		};
/* End PBXFrameworksBuildPhase section */

/* Begin PBXGroup section */
		822C49F525DE5C8D00D2F899 = {
			isa = PBXGroup;
			children = (
				822C4A0025DE5C8D00D2F899 /* PaperTest */,
				822C49FF25DE5C8D00D2F899 /* Products */,
			);
			sourceTree = "<group>";
		};
		822C49FF25DE5C8D00D2F899 /* Products */ = {
			isa = PBXGroup;
			children = (
				822C49FE25DE5C8D00D2F899 /* PaperTest.app */,
			);
			name = Products;
			sourceTree = "<group>";
		};
		822C4A0025DE5C8D00D2F899 /* PaperTest */ = {
			isa = PBXGroup;
			children = (
				822C4A0125DE5C8D00D2F899 /* AppDelegate.h */,
				822C4A0225DE5C8D00D2F899 /* AppDelegate.m */,
				822C4A0425DE5C8D00D2F899 /* SceneDelegate.h */,
				822C4A0525DE5C8D00D2F899 /* SceneDelegate.m */,
				822C4A0725DE5C8D00D2F899 /* ViewController.h */,
				822C4A0825DE5C8D00D2F899 /* ViewController.m */,
				822C4A0A25DE5C8D00D2F899 /* Main.storyboard */,
				822C4A0D25DE5C9000D2F899 /* Assets.xcassets */,
				822C4A0F25DE5C9000D2F899 /* LaunchScreen.storyboard */,
				822C4A1225DE5C9000D2F899 /* Info.plist */,
				822C4A1325DE5C9000D2F899 /* main.m */,
			);
			path = PaperTest;
			sourceTree = "<group>";
		};
/* End PBXGroup section */

/* Begin PBXNativeTarget section */
		822C49FD25DE5C8D00D2F899 /* PaperTest */ = {
			isa = PBXNativeTarget;
			buildConfigurationList = 822C4A1725DE5C9000D2F899 /* Build configuration list for PBXNativeTarget "PaperTest" */;
			buildPhases = (
				822C49FA25DE5C8D00D2F899 /* Sources */,
				822C49FB25DE5C8D00D2F899 /* Frameworks */,
				822C49FC25DE5C8D00D2F899 /* Resources */,
			);
			buildRules = (
			);
			dependencies = (
			);
			name = PaperTest;
			productName = PaperTest;
			productReference = 822C49FE25DE5C8D00D2F899 /* PaperTest.app */;
			productType = "com.apple.product-type.application";
		};
/* End PBXNativeTarget section */

/* Begin PBXProject section */
		822C49F625DE5C8D00D2F899 /* Project object */ = {
			isa = PBXProject;
			attributes = {
				LastUpgradeCheck = 1230;
				TargetAttributes = {
					822C49FD25DE5C8D00D2F899 = {
						CreatedOnToolsVersion = 12.3;
					};
				};
			};
			buildConfigurationList = 822C49F925DE5C8D00D2F899 /* Build configuration list for PBXProject "PaperTest" */;
			compatibilityVersion = "Xcode 9.3";
			developmentRegion = en;
			hasScannedForEncodings = 0;
			knownRegions = (
				en,
				Base,
			);
			mainGroup = 822C49F525DE5C8D00D2F899;
			productRefGroup = 822C49FF25DE5C8D00D2F899 /* Products */;
			projectDirPath = "";
			projectRoot = "";
			targets = (
				822C49FD25DE5C8D00D2F899 /* PaperTest */,
			);
		};
/* End PBXProject section */

/* Begin PBXResourcesBuildPhase section */
		822C49FC25DE5C8D00D2F899 /* Resources */ = {
			isa = PBXResourcesBuildPhase;
			buildActionMask = 2147483647;
			files = (
				822C4A1125DE5C9000D2F899 /* LaunchScreen.storyboard in Resources */,
				822C4A0E25DE5C9000D2F899 /* Assets.xcassets in Resources */,
				822C4A0C25DE5C8D00D2F899 /* Main.storyboard in Resources */,
			);
			runOnlyForDeploymentPostprocessing = 0;
		};
/* End PBXResourcesBuildPhase section */

/* Begin PBXSourcesBuildPhase section */
		822C49FA25DE5C8D00D2F899 /* Sources */ = {
			isa = PBXSourcesBuildPhase;
			buildActionMask = 2147483647;
			files = (
				822C4A0925DE5C8D00D2F899 /* ViewController.m in Sources */,
				822C4A0325DE5C8D00D2F899 /* AppDelegate.m in Sources */,
				822C4A1425DE5C9000D2F899 /* main.m in Sources */,
				822C4A0625DE5C8D00D2F899 /* SceneDelegate.m in Sources */,
			);
			runOnlyForDeploymentPostprocessing = 0;
		};
/* End PBXSourcesBuildPhase section */

/* Begin PBXVariantGroup section */
		822C4A0A25DE5C8D00D2F899 /* Main.storyboard */ = {
			isa = PBXVariantGroup;
			children = (
				822C4A0B25DE5C8D00D2F899 /* Base */,
			);
			name = Main.storyboard;
			sourceTree = "<group>";
		};
		822C4A0F25DE5C9000D2F899 /* LaunchScreen.storyboard */ = {
			isa = PBXVariantGroup;
			children = (
				822C4A1025DE5C9000D2F899 /* Base */,
			);
			name = LaunchScreen.storyboard;
			sourceTree = "<group>";
		};
/* End PBXVariantGroup section */

/* Begin XCBuildConfiguration section */
		822C4A1525DE5C9000D2F899 /* Debug */ = {
			isa = XCBuildConfiguration;
			buildSettings = {
				ALWAYS_SEARCH_USER_PATHS = NO;
				CLANG_ANALYZER_NONNULL = YES;
				CLANG_ANALYZER_NUMBER_OBJECT_CONVERSION = YES_AGGRESSIVE;
				CLANG_CXX_LANGUAGE_STANDARD = "gnu++14";
				CLANG_CXX_LIBRARY = "libc++";
				CLANG_ENABLE_MODULES = YES;
				CLANG_ENABLE_OBJC_ARC = YES;
				CLANG_ENABLE_OBJC_WEAK = YES;
				CLANG_WARN_BLOCK_CAPTURE_AUTORELEASING = YES;
				CLANG_WARN_BOOL_CONVERSION = YES;
				CLANG_WARN_COMMA = YES;
				CLANG_WARN_CONSTANT_CONVERSION = YES;
				CLANG_WARN_DEPRECATED_OBJC_IMPLEMENTATIONS = YES;
				CLANG_WARN_DIRECT_OBJC_ISA_USAGE = YES_ERROR;
				CLANG_WARN_DOCUMENTATION_COMMENTS = YES;
				CLANG_WARN_EMPTY_BODY = YES;
				CLANG_WARN_ENUM_CONVERSION = YES;
				CLANG_WARN_INFINITE_RECURSION = YES;
				CLANG_WARN_INT_CONVERSION = YES;
				CLANG_WARN_NON_LITERAL_NULL_CONVERSION = YES;
				CLANG_WARN_OBJC_IMPLICIT_RETAIN_SELF = YES;
				CLANG_WARN_OBJC_LITERAL_CONVERSION = YES;
				CLANG_WARN_OBJC_ROOT_CLASS = YES_ERROR;
				CLANG_WARN_QUOTED_INCLUDE_IN_FRAMEWORK_HEADER = YES;
				CLANG_WARN_RANGE_LOOP_ANALYSIS = YES;
				CLANG_WARN_STRICT_PROTOTYPES = YES;
				CLANG_WARN_SUSPICIOUS_MOVE = YES;
				CLANG_WARN_UNGUARDED_AVAILABILITY = YES_AGGRESSIVE;
				CLANG_WARN_UNREACHABLE_CODE = YES;
				CLANG_WARN__DUPLICATE_METHOD_MATCH = YES;
				COPY_PHASE_STRIP = NO;
				DEBUG_INFORMATION_FORMAT = dwarf;
				ENABLE_STRICT_OBJC_MSGSEND = YES;
				ENABLE_TESTABILITY = YES;
				GCC_C_LANGUAGE_STANDARD = gnu11;
				GCC_DYNAMIC_NO_PIC = NO;
				GCC_NO_COMMON_BLOCKS = YES;
				GCC_OPTIMIZATION_LEVEL = 0;
				GCC_PREPROCESSOR_DEFINITIONS = (
					"DEBUG=1",
					"$(inherited)",
				);
				GCC_WARN_64_TO_32_BIT_CONVERSION = YES;
				GCC_WARN_ABOUT_RETURN_TYPE = YES_ERROR;
				GCC_WARN_UNDECLARED_SELECTOR = YES;
				GCC_WARN_UNINITIALIZED_AUTOS = YES_AGGRESSIVE;
				GCC_WARN_UNUSED_FUNCTION = YES;
				GCC_WARN_UNUSED_VARIABLE = YES;
				IPHONEOS_DEPLOYMENT_TARGET = 14.3;
				MTL_ENABLE_DEBUG_INFO = INCLUDE_SOURCE;
				MTL_FAST_MATH = YES;
				ONLY_ACTIVE_ARCH = YES;
				SDKROOT = iphoneos;
			};
			name = Debug;
		};
		822C4A1625DE5C9000D2F899 /* Release */ = {
			isa = XCBuildConfiguration;
			buildSettings = {
				ALWAYS_SEARCH_USER_PATHS = NO;
				CLANG_ANALYZER_NONNULL = YES;
				CLANG_ANALYZER_NUMBER_OBJECT_CONVERSION = YES_AGGRESSIVE;
				CLANG_CXX_LANGUAGE_STANDARD = "gnu++14";
				CLANG_CXX_LIBRARY = "libc++";
				CLANG_ENABLE_MODULES = YES;
				CLANG_ENABLE_OBJC_ARC = YES;
				CLANG_ENABLE_OBJC_WEAK = YES;
				CLANG_WARN_BLOCK_CAPTURE_AUTORELEASING = YES;
				CLANG_WARN_BOOL_CONVERSION = YES;
				CLANG_WARN_COMMA = YES;
				CLANG_WARN_CONSTANT_CONVERSION = YES;
				CLANG_WARN_DEPRECATED_OBJC_IMPLEMENTATIONS = YES;
				CLANG_WARN_DIRECT_OBJC_ISA_USAGE = YES_ERROR;
				CLANG_WARN_DOCUMENTATION_COMMENTS = YES;
				CLANG_WARN_EMPTY_BODY = YES;
				CLANG_WARN_ENUM_CONVERSION = YES;
				CLANG_WARN_INFINITE_RECURSION = YES;
				CLANG_WARN_INT_CONVERSION = YES;
				CLANG_WARN_NON_LITERAL_NULL_CONVERSION = YES;
				CLANG_WARN_OBJC_IMPLICIT_RETAIN_SELF = YES;
				CLANG_WARN_OBJC_LITERAL_CONVERSION = YES;
				CLANG_WARN_OBJC_ROOT_CLASS = YES_ERROR;
				CLANG_WARN_QUOTED_INCLUDE_IN_FRAMEWORK_HEADER = YES;
				CLANG_WARN_RANGE_LOOP_ANALYSIS = YES;
				CLANG_WARN_STRICT_PROTOTYPES = YES;
				CLANG_WARN_SUSPICIOUS_MOVE = YES;
				CLANG_WARN_UNGUARDED_AVAILABILITY = YES_AGGRESSIVE;
				CLANG_WARN_UNREACHABLE_CODE = YES;
				CLANG_WARN__DUPLICATE_METHOD_MATCH = YES;
				COPY_PHASE_STRIP = NO;
				DEBUG_INFORMATION_FORMAT = "dwarf-with-dsym";
				ENABLE_NS_ASSERTIONS = NO;
				ENABLE_STRICT_OBJC_MSGSEND = YES;
				GCC_C_LANGUAGE_STANDARD = gnu11;
				GCC_NO_COMMON_BLOCKS = YES;
				GCC_WARN_64_TO_32_BIT_CONVERSION = YES;
				GCC_WARN_ABOUT_RETURN_TYPE = YES_ERROR;
				GCC_WARN_UNDECLARED_SELECTOR = YES;
				GCC_WARN_UNINITIALIZED_AUTOS = YES_AGGRESSIVE;
				GCC_WARN_UNUSED_FUNCTION = YES;
				GCC_WARN_UNUSED_VARIABLE = YES;
				IPHONEOS_DEPLOYMENT_TARGET = 14.3;
				MTL_ENABLE_DEBUG_INFO = NO;
				MTL_FAST_MATH = YES;
				SDKROOT = iphoneos;
				VALIDATE_PRODUCT = YES;
			};
			name = Release;
		};
		822C4A1825DE5C9000D2F899 /* Debug */ = {
			isa = XCBuildConfiguration;
			buildSettings = {
				ASSETCATALOG_COMPILER_APPICON_NAME = AppIcon;
				ASSETCATALOG_COMPILER_GLOBAL_ACCENT_COLOR_NAME = AccentColor;
				CODE_SIGN_STYLE = Automatic;
				DEVELOPMENT_TEAM = ZG5MPBFSX6;
				INFOPLIST_FILE = PaperTest/Info.plist;
				LD_RUNPATH_SEARCH_PATHS = (
					"$(inherited)",
					"@executable_path/Frameworks",
				);
				PRODUCT_BUNDLE_IDENTIFIER = "-23.PaperTest";
				PRODUCT_NAME = "$(TARGET_NAME)";
				TARGETED_DEVICE_FAMILY = "1,2";
			};
			name = Debug;
		};
		822C4A1925DE5C9000D2F899 /* Release */ = {
			isa = XCBuildConfiguration;
			buildSettings = {
				ASSETCATALOG_COMPILER_APPICON_NAME = AppIcon;
				ASSETCATALOG_COMPILER_GLOBAL_ACCENT_COLOR_NAME = AccentColor;
				CODE_SIGN_STYLE = Automatic;
				DEVELOPMENT_TEAM = ZG5MPBFSX6;
				INFOPLIST_FILE = PaperTest/Info.plist;
				LD_RUNPATH_SEARCH_PATHS = (
					"$(inherited)",
					"@executable_path/Frameworks",
				);
				PRODUCT_BUNDLE_IDENTIFIER = "-23.PaperTest";
				PRODUCT_NAME = "$(TARGET_NAME)";
				TARGETED_DEVICE_FAMILY = "1,2";
			};
			name = Release;
		};
/* End XCBuildConfiguration section */

/* Begin XCConfigurationList section */
		822C49F925DE5C8D00D2F899 /* Build configuration list for PBXProject "PaperTest" */ = {
			isa = XCConfigurationList;
			buildConfigurations = (
				822C4A1525DE5C9000D2F899 /* Debug */,
				822C4A1625DE5C9000D2F899 /* Release */,
			);
			defaultConfigurationIsVisible = 0;
			defaultConfigurationName = Release;
		};
		822C4A1725DE5C9000D2F899 /* Build configuration list for PBXNativeTarget "PaperTest" */ = {
			isa = XCConfigurationList;
			buildConfigurations = (
				822C4A1825DE5C9000D2F899 /* Debug */,
				822C4A1925DE5C9000D2F899 /* Release */,
			);
			defaultConfigurationIsVisible = 0;
			defaultConfigurationName = Release;
		};
/* End XCConfigurationList section */
	};
	rootObject = 822C49F625DE5C8D00D2F899 /* Project object */;
}
